
Microsoft Visual Studio Solution File, Format Version 12.00
# Visual Studio Version 16
VisualStudioVersion = 16.0.28803.202
MinimumVisualStudioVersion = 10.0.40219.1
Project("{8BC9CEB8-8B4A-11D0-8D11-00A0C91BC942}") = "StringProcessorLib", "StringProcessorLib\StringProcessorLib.vcxproj", "{0F998583-AE3B-4917-B129-2AFEB139A99C}"
EndProject
Project("{8BC9CEB8-8B4A-11D0-8D11-00A0C91BC942}") = "User", "User\User.vcxproj", "{18106A37-BEF7-43DD-ABDF-775FDC47F601}"
EndProject
Global
	GlobalSection(SolutionConfigurationPlatforms) = preSolution
		Debug|x64 = Debug|x64
		Debug|x86 = Debug|x86
		Release|x64 = Release|x64
		Release|x86 = Release|x86
	EndGlobalSection
	GlobalSection(ProjectConfigurationPlatforms) = postSolution
		{0F998583-AE3B-4917-B129-2AFEB139A99C}.Debug|x64.ActiveCfg = Debug|x64
		{0F998583-AE3B-4917-B129-2AFEB139A99C}.Debug|x64.Build.0 = Debug|x64
		{0F998583-AE3B-4917-B129-2AFEB139A99C}.Debug|x86.ActiveCfg = Debug|Win32
		{0F998583-AE3B-4917-B129-2AFEB139A99C}.Debug|x86.Build.0 = Debug|Win32
		{0F998583-AE3B-4917-B129-2AFEB139A99C}.Release|x64.ActiveCfg = Release|x64
		{0F998583-AE3B-4917-B129-2AFEB139A99C}.Release|x64.Build.0 = Release|x64
		{0F998583-AE3B-4917-B129-2AFEB139A99C}.Release|x86.ActiveCfg = Release|Win32
		{0F998583-AE3B-4917-B129-2AFEB139A99C}.Release|x86.Build.0 = Release|Win32
		{18106A37-BEF7-43DD-ABDF-775FDC47F601}.Debug|x64.ActiveCfg = Debug|x64
		{18106A37-BEF7-43DD-ABDF-775FDC47F601}.Debug|x64.Build.0 = Debug|x64
		{18106A37-BEF7-43DD-ABDF-775FDC47F601}.Debug|x86.ActiveCfg = Debug|Win32
		{18106A37-BEF7-43DD-ABDF-775FDC47F601}.Debug|x86.Build.0 = Debug|Win32
		{18106A37-BEF7-43DD-ABDF-775FDC47F601}.Release|x64.ActiveCfg = Release|x64
		{18106A37-BEF7-43DD-ABDF-775FDC47F601}.Release|x64.Build.0 = Release|x64
		{18106A37-BEF7-43DD-ABDF-775FDC47F601}.Release|x86.ActiveCfg = Release|Win32
		{18106A37-BEF7-43DD-ABDF-775FDC47F601}.Release|x86.Build.0 = Release|Win32
	EndGlobalSection
	GlobalSection(SolutionProperties) = preSolution
		HideSolutionNode = FALSE
	EndGlobalSection
	GlobalSection(ExtensibilityGlobals) = postSolution
		SolutionGuid = {D8416800-8FB1-4343-A73B-65198A749454}
	EndGlobalSection
EndGlobal
